
Microsoft Visual Studio Solution File, Format Version 12.00
# Visual Studio Version 17
VisualStudioVersion = 17.11.35327.3
MinimumVisualStudioVersion = 10.0.40219.1
Project("{FAE04EC0-301F-11D3-BF4B-00C04F79EFBC}") = "Scheduler", "Scheduler\Scheduler.csproj", "{4E745914-09B2-4164-9FCF-71C0F4A2F9A0}"
EndProject
Global
	GlobalSection(SolutionConfigurationPlatforms) = preSolution
		Debug|Any CPU = Debug|Any CPU
		Release|Any CPU = Release|Any CPU
	EndGlobalSection
	GlobalSection(ProjectConfigurationPlatforms) = postSolution
		{4E745914-09B2-4164-9FCF-71C0F4A2F9A0}.Debug|Any CPU.ActiveCfg = Debug|Any CPU
		{4E745914-09B2-4164-9FCF-71C0F4A2F9A0}.Debug|Any CPU.Build.0 = Debug|Any CPU
		{4E745914-09B2-4164-9FCF-71C0F4A2F9A0}.Release|Any CPU.ActiveCfg = Release|Any CPU
		{4E745914-09B2-4164-9FCF-71C0F4A2F9A0}.Release|Any CPU.Build.0 = Release|Any CPU
	EndGlobalSection
	GlobalSection(SolutionProperties) = preSolution
		HideSolutionNode = FALSE
	EndGlobalSection
	GlobalSection(ExtensibilityGlobals) = postSolution
		SolutionGuid = {DFB2149F-E360-42BA-A612-F7C3AD163044}
	EndGlobalSection
EndGlobal
